
Microsoft Visual Studio Solution File, Format Version 12.00
# Visual Studio Version 17
VisualStudioVersion = 17.5.33424.131
MinimumVisualStudioVersion = 10.0.40219.1
Project("{FAE04EC0-301F-11D3-BF4B-00C04F79EFBC}") = "Theme_34_6_Practice", "Theme_34_6_Practice\Theme_34_6_Practice.csproj", "{3E1D0E95-A717-4D30-B3C4-F46BA8808404}"
EndProject
Global
	GlobalSection(SolutionConfigurationPlatforms) = preSolution
		Debug|Any CPU = Debug|Any CPU
		Release|Any CPU = Release|Any CPU
	EndGlobalSection
	GlobalSection(ProjectConfigurationPlatforms) = postSolution
		{3E1D0E95-A717-4D30-B3C4-F46BA8808404}.Debug|Any CPU.ActiveCfg = Debug|Any CPU
		{3E1D0E95-A717-4D30-B3C4-F46BA8808404}.Debug|Any CPU.Build.0 = Debug|Any CPU
		{3E1D0E95-A717-4D30-B3C4-F46BA8808404}.Release|Any CPU.ActiveCfg = Release|Any CPU
		{3E1D0E95-A717-4D30-B3C4-F46BA8808404}.Release|Any CPU.Build.0 = Release|Any CPU
	EndGlobalSection
	GlobalSection(SolutionProperties) = preSolution
		HideSolutionNode = FALSE
	EndGlobalSection
	GlobalSection(ExtensibilityGlobals) = postSolution
		SolutionGuid = {5332C86C-F95E-4196-8E97-336F91FEECC5}
	EndGlobalSection
EndGlobal
